
Microsoft Visual Studio Solution File, Format Version 12.00
# Visual Studio Version 17
VisualStudioVersion = 17.9.34728.123
MinimumVisualStudioVersion = 10.0.40219.1
Project("{8BC9CEB8-8B4A-11D0-8D11-00A0C91BC942}") = "MT3_01_02", "MT3_01_02.vcxproj", "{6260FA58-6AAE-45F5-8AAC-FB8C89567776}"
EndProject
Global
	GlobalSection(SolutionConfigurationPlatforms) = preSolution
		Debug|x64 = Debug|x64
		Release|x64 = Release|x64
	EndGlobalSection
	GlobalSection(ProjectConfigurationPlatforms) = postSolution
		{6260FA58-6AAE-45F5-8AAC-FB8C89567776}.Debug|x64.ActiveCfg = Debug|x64
		{6260FA58-6AAE-45F5-8AAC-FB8C89567776}.Debug|x64.Build.0 = Debug|x64
		{6260FA58-6AAE-45F5-8AAC-FB8C89567776}.Release|x64.ActiveCfg = Release|x64
		{6260FA58-6AAE-45F5-8AAC-FB8C89567776}.Release|x64.Build.0 = Release|x64
	EndGlobalSection
	GlobalSection(SolutionProperties) = preSolution
		HideSolutionNode = FALSE
	EndGlobalSection
	GlobalSection(ExtensibilityGlobals) = postSolution
		SolutionGuid = {AB9A3BEE-2E5F-4A44-A8BA-6E2563BFF068}
	EndGlobalSection
EndGlobal
